// !$*UTF8*$!
{
	archiveVersion = 1;
	classes = {
	};
	objectVersion = 56;
	objects = {

/* Begin PBXBuildFile section */
		D4378E3A2A1FD90200742C28 /* AppDelegate.swift in Sources */ = {isa = PBXBuildFile; fileRef = D4378E392A1FD90200742C28 /* AppDelegate.swift */; };
		D4378E3C2A1FD90200742C28 /* SceneDelegate.swift in Sources */ = {isa = PBXBuildFile; fileRef = D4378E3B2A1FD90200742C28 /* SceneDelegate.swift */; };
		D4378E3E2A1FD90200742C28 /* ViewController.swift in Sources */ = {isa = PBXBuildFile; fileRef = D4378E3D2A1FD90200742C28 /* ViewController.swift */; };
		D4378E412A1FD90200742C28 /* Main.storyboard in Resources */ = {isa = PBXBuildFile; fileRef = D4378E3F2A1FD90200742C28 /* Main.storyboard */; };
		D4378E432A1FD90300742C28 /* Assets.xcassets in Resources */ = {isa = PBXBuildFile; fileRef = D4378E422A1FD90300742C28 /* Assets.xcassets */; };
		D4378E462A1FD90300742C28 /* LaunchScreen.storyboard in Resources */ = {isa = PBXBuildFile; fileRef = D4378E442A1FD90300742C28 /* LaunchScreen.storyboard */; };
		D4378E512A1FD90400742C28 /* EventsSystemExampleTests.swift in Sources */ = {isa = PBXBuildFile; fileRef = D4378E502A1FD90400742C28 /* EventsSystemExampleTests.swift */; };
		D4378E5B2A1FD90400742C28 /* EventsSystemExampleUITests.swift in Sources */ = {isa = PBXBuildFile; fileRef = D4378E5A2A1FD90400742C28 /* EventsSystemExampleUITests.swift */; };
		D4378E5D2A1FD90400742C28 /* EventsSystemExampleUITestsLaunchTests.swift in Sources */ = {isa = PBXBuildFile; fileRef = D4378E5C2A1FD90400742C28 /* EventsSystemExampleUITestsLaunchTests.swift */; };
		D46ACF5A2A370E9B00ABA023 /* EventsSystem.framework in Frameworks */ = {isa = PBXBuildFile; fileRef = D48981652A1D280300BE9262 /* EventsSystem.framework */; };
		D46ACF5B2A370E9B00ABA023 /* EventsSystem.framework in Embed Frameworks */ = {isa = PBXBuildFile; fileRef = D48981652A1D280300BE9262 /* EventsSystem.framework */; settings = {ATTRIBUTES = (CodeSignOnCopy, RemoveHeadersOnCopy, ); }; };
		D46ACF602A373DD100ABA023 /* Session.swift in Sources */ = {isa = PBXBuildFile; fileRef = D46ACF5F2A373DD100ABA023 /* Session.swift */; };
		D489816A2A1D280300BE9262 /* EventsSystem.docc in Sources */ = {isa = PBXBuildFile; fileRef = D48981692A1D280300BE9262 /* EventsSystem.docc */; };
		D48981702A1D280300BE9262 /* EventsSystem.framework in Frameworks */ = {isa = PBXBuildFile; fileRef = D48981652A1D280300BE9262 /* EventsSystem.framework */; };
		D48981752A1D280300BE9262 /* EventsSystemTests.swift in Sources */ = {isa = PBXBuildFile; fileRef = D48981742A1D280300BE9262 /* EventsSystemTests.swift */; };
		D48981762A1D280300BE9262 /* EventsSystem.h in Headers */ = {isa = PBXBuildFile; fileRef = D48981682A1D280300BE9262 /* EventsSystem.h */; settings = {ATTRIBUTES = (Public, ); }; };
		D48981942A1DE17000BE9262 /* EventsManager.swift in Sources */ = {isa = PBXBuildFile; fileRef = D48981932A1DE17000BE9262 /* EventsManager.swift */; };
		D48981AB2A1E2F9A00BE9262 /* EventsCBridge.h in Headers */ = {isa = PBXBuildFile; fileRef = D48981A92A1E2F9A00BE9262 /* EventsCBridge.h */; settings = {ATTRIBUTES = (Public, ); }; };
		D48981AC2A1E2F9A00BE9262 /* EventsCBridge.c in Sources */ = {isa = PBXBuildFile; fileRef = D48981AA2A1E2F9A00BE9262 /* EventsCBridge.c */; };
/* End PBXBuildFile section */

/* Begin PBXContainerItemProxy section */
		D4378E4D2A1FD90300742C28 /* PBXContainerItemProxy */ = {
			isa = PBXContainerItemProxy;
			containerPortal = D489815C2A1D280300BE9262 /* Project object */;
			proxyType = 1;
			remoteGlobalIDString = D4378E362A1FD90200742C28;
			remoteInfo = EventsSystemExample;
		};
		D4378E572A1FD90400742C28 /* PBXContainerItemProxy */ = {
			isa = PBXContainerItemProxy;
			containerPortal = D489815C2A1D280300BE9262 /* Project object */;
			proxyType = 1;
			remoteGlobalIDString = D4378E362A1FD90200742C28;
			remoteInfo = EventsSystemExample;
		};
		D46ACF5C2A370E9B00ABA023 /* PBXContainerItemProxy */ = {
			isa = PBXContainerItemProxy;
			containerPortal = D489815C2A1D280300BE9262 /* Project object */;
			proxyType = 1;
			remoteGlobalIDString = D48981642A1D280300BE9262;
			remoteInfo = EventsSystem;
		};
		D48981712A1D280300BE9262 /* PBXContainerItemProxy */ = {
			isa = PBXContainerItemProxy;
			containerPortal = D489815C2A1D280300BE9262 /* Project object */;
			proxyType = 1;
			remoteGlobalIDString = D48981642A1D280300BE9262;
			remoteInfo = EventsSystem;
		};
/* End PBXContainerItemProxy section */

/* Begin PBXCopyFilesBuildPhase section */
		D46ACF5E2A370E9B00ABA023 /* Embed Frameworks */ = {
			isa = PBXCopyFilesBuildPhase;
			buildActionMask = 2147483647;
			dstPath = "";
			dstSubfolderSpec = 10;
			files = (
				D46ACF5B2A370E9B00ABA023 /* EventsSystem.framework in Embed Frameworks */,
			);
			name = "Embed Frameworks";
			runOnlyForDeploymentPostprocessing = 0;
		};
/* End PBXCopyFilesBuildPhase section */

/* Begin PBXFileReference section */
		D4378E182A1FD4D300742C28 /* EventsSystemExampleTests.xctest */ = {isa = PBXFileReference; explicitFileType = wrapper.cfbundle; includeInIndex = 0; path = EventsSystemExampleTests.xctest; sourceTree = BUILT_PRODUCTS_DIR; };
		D4378E222A1FD4D400742C28 /* EventsSystemExampleUITests.xctest */ = {isa = PBXFileReference; explicitFileType = wrapper.cfbundle; includeInIndex = 0; path = EventsSystemExampleUITests.xctest; sourceTree = BUILT_PRODUCTS_DIR; };
		D4378E372A1FD90200742C28 /* EventsSystemExample.app */ = {isa = PBXFileReference; explicitFileType = wrapper.application; includeInIndex = 0; path = EventsSystemExample.app; sourceTree = BUILT_PRODUCTS_DIR; };
		D4378E392A1FD90200742C28 /* AppDelegate.swift */ = {isa = PBXFileReference; lastKnownFileType = sourcecode.swift; path = AppDelegate.swift; sourceTree = "<group>"; };
		D4378E3B2A1FD90200742C28 /* SceneDelegate.swift */ = {isa = PBXFileReference; lastKnownFileType = sourcecode.swift; path = SceneDelegate.swift; sourceTree = "<group>"; };
		D4378E3D2A1FD90200742C28 /* ViewController.swift */ = {isa = PBXFileReference; lastKnownFileType = sourcecode.swift; path = ViewController.swift; sourceTree = "<group>"; };
		D4378E402A1FD90200742C28 /* Base */ = {isa = PBXFileReference; lastKnownFileType = file.storyboard; name = Base; path = Base.lproj/Main.storyboard; sourceTree = "<group>"; };
		D4378E422A1FD90300742C28 /* Assets.xcassets */ = {isa = PBXFileReference; lastKnownFileType = folder.assetcatalog; path = Assets.xcassets; sourceTree = "<group>"; };
		D4378E452A1FD90300742C28 /* Base */ = {isa = PBXFileReference; lastKnownFileType = file.storyboard; name = Base; path = Base.lproj/LaunchScreen.storyboard; sourceTree = "<group>"; };
		D4378E472A1FD90300742C28 /* Info.plist */ = {isa = PBXFileReference; lastKnownFileType = text.plist.xml; path = Info.plist; sourceTree = "<group>"; };
		D4378E4C2A1FD90300742C28 /* EventsSystemExampleTests.xctest */ = {isa = PBXFileReference; explicitFileType = wrapper.cfbundle; includeInIndex = 0; path = EventsSystemExampleTests.xctest; sourceTree = BUILT_PRODUCTS_DIR; };
		D4378E502A1FD90400742C28 /* EventsSystemExampleTests.swift */ = {isa = PBXFileReference; lastKnownFileType = sourcecode.swift; path = EventsSystemExampleTests.swift; sourceTree = "<group>"; };
		D4378E562A1FD90400742C28 /* EventsSystemExampleUITests.xctest */ = {isa = PBXFileReference; explicitFileType = wrapper.cfbundle; includeInIndex = 0; path = EventsSystemExampleUITests.xctest; sourceTree = BUILT_PRODUCTS_DIR; };
		D4378E5A2A1FD90400742C28 /* EventsSystemExampleUITests.swift */ = {isa = PBXFileReference; lastKnownFileType = sourcecode.swift; path = EventsSystemExampleUITests.swift; sourceTree = "<group>"; };
		D4378E5C2A1FD90400742C28 /* EventsSystemExampleUITestsLaunchTests.swift */ = {isa = PBXFileReference; lastKnownFileType = sourcecode.swift; path = EventsSystemExampleUITestsLaunchTests.swift; sourceTree = "<group>"; };
		D46ACF5F2A373DD100ABA023 /* Session.swift */ = {isa = PBXFileReference; lastKnownFileType = sourcecode.swift; path = Session.swift; sourceTree = "<group>"; };
		D48981652A1D280300BE9262 /* EventsSystem.framework */ = {isa = PBXFileReference; explicitFileType = wrapper.framework; includeInIndex = 0; path = EventsSystem.framework; sourceTree = BUILT_PRODUCTS_DIR; };
		D48981682A1D280300BE9262 /* EventsSystem.h */ = {isa = PBXFileReference; lastKnownFileType = sourcecode.c.h; path = EventsSystem.h; sourceTree = "<group>"; };
		D48981692A1D280300BE9262 /* EventsSystem.docc */ = {isa = PBXFileReference; lastKnownFileType = folder.documentationcatalog; path = EventsSystem.docc; sourceTree = "<group>"; };
		D489816F2A1D280300BE9262 /* EventsSystemTests.xctest */ = {isa = PBXFileReference; explicitFileType = wrapper.cfbundle; includeInIndex = 0; path = EventsSystemTests.xctest; sourceTree = BUILT_PRODUCTS_DIR; };
		D48981742A1D280300BE9262 /* EventsSystemTests.swift */ = {isa = PBXFileReference; lastKnownFileType = sourcecode.swift; path = EventsSystemTests.swift; sourceTree = "<group>"; };
		D48981932A1DE17000BE9262 /* EventsManager.swift */ = {isa = PBXFileReference; lastKnownFileType = sourcecode.swift; path = EventsManager.swift; sourceTree = "<group>"; };
		D48981A92A1E2F9A00BE9262 /* EventsCBridge.h */ = {isa = PBXFileReference; lastKnownFileType = sourcecode.c.h; path = EventsCBridge.h; sourceTree = "<group>"; };
		D48981AA2A1E2F9A00BE9262 /* EventsCBridge.c */ = {isa = PBXFileReference; lastKnownFileType = sourcecode.c.c; path = EventsCBridge.c; sourceTree = "<group>"; };
/* End PBXFileReference section */

/* Begin PBXFrameworksBuildPhase section */
		D4378E152A1FD4D300742C28 /* Frameworks */ = {
			isa = PBXFrameworksBuildPhase;
			buildActionMask = 2147483647;
			files = (
			);
			runOnlyForDeploymentPostprocessing = 0;
		};
		D4378E1F2A1FD4D400742C28 /* Frameworks */ = {
			isa = PBXFrameworksBuildPhase;
			buildActionMask = 2147483647;
			files = (
			);
			runOnlyForDeploymentPostprocessing = 0;
		};
		D4378E342A1FD90200742C28 /* Frameworks */ = {
			isa = PBXFrameworksBuildPhase;
			buildActionMask = 2147483647;
			files = (
				D46ACF5A2A370E9B00ABA023 /* EventsSystem.framework in Frameworks */,
			);
			runOnlyForDeploymentPostprocessing = 0;
		};
		D4378E492A1FD90300742C28 /* Frameworks */ = {
			isa = PBXFrameworksBuildPhase;
			buildActionMask = 2147483647;
			files = (
			);
			runOnlyForDeploymentPostprocessing = 0;
		};
		D4378E532A1FD90400742C28 /* Frameworks */ = {
			isa = PBXFrameworksBuildPhase;
			buildActionMask = 2147483647;
			files = (
			);
			runOnlyForDeploymentPostprocessing = 0;
		};
		D48981622A1D280300BE9262 /* Frameworks */ = {
			isa = PBXFrameworksBuildPhase;
			buildActionMask = 2147483647;
			files = (
			);
			runOnlyForDeploymentPostprocessing = 0;
		};
		D489816C2A1D280300BE9262 /* Frameworks */ = {
			isa = PBXFrameworksBuildPhase;
			buildActionMask = 2147483647;
			files = (
				D48981702A1D280300BE9262 /* EventsSystem.framework in Frameworks */,
			);
			runOnlyForDeploymentPostprocessing = 0;
		};
/* End PBXFrameworksBuildPhase section */

/* Begin PBXGroup section */
		D4378E382A1FD90200742C28 /* EventsSystemExample */ = {
			isa = PBXGroup;
			children = (
				D4378E392A1FD90200742C28 /* AppDelegate.swift */,
				D4378E3B2A1FD90200742C28 /* SceneDelegate.swift */,
				D4378E3D2A1FD90200742C28 /* ViewController.swift */,
				D4378E3F2A1FD90200742C28 /* Main.storyboard */,
				D4378E422A1FD90300742C28 /* Assets.xcassets */,
				D4378E442A1FD90300742C28 /* LaunchScreen.storyboard */,
				D4378E472A1FD90300742C28 /* Info.plist */,
			);
			path = EventsSystemExample;
			sourceTree = "<group>";
		};
		D4378E4F2A1FD90400742C28 /* EventsSystemExampleTests */ = {
			isa = PBXGroup;
			children = (
				D4378E502A1FD90400742C28 /* EventsSystemExampleTests.swift */,
			);
			path = EventsSystemExampleTests;
			sourceTree = "<group>";
		};
		D4378E592A1FD90400742C28 /* EventsSystemExampleUITests */ = {
			isa = PBXGroup;
			children = (
				D4378E5A2A1FD90400742C28 /* EventsSystemExampleUITests.swift */,
				D4378E5C2A1FD90400742C28 /* EventsSystemExampleUITestsLaunchTests.swift */,
			);
			path = EventsSystemExampleUITests;
			sourceTree = "<group>";
		};
		D46ACF592A370E9B00ABA023 /* Frameworks */ = {
			isa = PBXGroup;
			children = (
			);
			name = Frameworks;
			sourceTree = "<group>";
		};
		D489815B2A1D280300BE9262 = {
			isa = PBXGroup;
			children = (
				D48981672A1D280300BE9262 /* EventsSystem */,
				D48981732A1D280300BE9262 /* EventsSystemTests */,
				D4378E382A1FD90200742C28 /* EventsSystemExample */,
				D4378E4F2A1FD90400742C28 /* EventsSystemExampleTests */,
				D4378E592A1FD90400742C28 /* EventsSystemExampleUITests */,
				D48981662A1D280300BE9262 /* Products */,
				D46ACF592A370E9B00ABA023 /* Frameworks */,
			);
			sourceTree = "<group>";
		};
		D48981662A1D280300BE9262 /* Products */ = {
			isa = PBXGroup;
			children = (
				D48981652A1D280300BE9262 /* EventsSystem.framework */,
				D489816F2A1D280300BE9262 /* EventsSystemTests.xctest */,
				D4378E182A1FD4D300742C28 /* EventsSystemExampleTests.xctest */,
				D4378E222A1FD4D400742C28 /* EventsSystemExampleUITests.xctest */,
				D4378E372A1FD90200742C28 /* EventsSystemExample.app */,
				D4378E4C2A1FD90300742C28 /* EventsSystemExampleTests.xctest */,
				D4378E562A1FD90400742C28 /* EventsSystemExampleUITests.xctest */,
			);
			name = Products;
			sourceTree = "<group>";
		};
		D48981672A1D280300BE9262 /* EventsSystem */ = {
			isa = PBXGroup;
			children = (
				D48981682A1D280300BE9262 /* EventsSystem.h */,
				D48981932A1DE17000BE9262 /* EventsManager.swift */,
				D48981692A1D280300BE9262 /* EventsSystem.docc */,
				D48981A92A1E2F9A00BE9262 /* EventsCBridge.h */,
				D48981AA2A1E2F9A00BE9262 /* EventsCBridge.c */,
				D46ACF5F2A373DD100ABA023 /* Session.swift */,
			);
			path = EventsSystem;
			sourceTree = "<group>";
		};
		D48981732A1D280300BE9262 /* EventsSystemTests */ = {
			isa = PBXGroup;
			children = (
				D48981742A1D280300BE9262 /* EventsSystemTests.swift */,
			);
			path = EventsSystemTests;
			sourceTree = "<group>";
		};
/* End PBXGroup section */

/* Begin PBXHeadersBuildPhase section */
		D48981602A1D280300BE9262 /* Headers */ = {
			isa = PBXHeadersBuildPhase;
			buildActionMask = 2147483647;
			files = (
				D48981AB2A1E2F9A00BE9262 /* EventsCBridge.h in Headers */,
				D48981762A1D280300BE9262 /* EventsSystem.h in Headers */,
			);
			runOnlyForDeploymentPostprocessing = 0;
		};
/* End PBXHeadersBuildPhase section */

/* Begin PBXNativeTarget section */
		D4378E172A1FD4D300742C28 /* EventsSystemExampleTests */ = {
			isa = PBXNativeTarget;
			buildConfigurationList = D4378E312A1FD4D400742C28 /* Build configuration list for PBXNativeTarget "EventsSystemExampleTests" */;
			buildPhases = (
				D4378E142A1FD4D300742C28 /* Sources */,
				D4378E152A1FD4D300742C28 /* Frameworks */,
				D4378E162A1FD4D300742C28 /* Resources */,
			);
			buildRules = (
			);
			dependencies = (
			);
			name = EventsSystemExampleTests;
			productName = EventsSystemExampleTests;
			productReference = D4378E182A1FD4D300742C28 /* EventsSystemExampleTests.xctest */;
			productType = "com.apple.product-type.bundle.unit-test";
		};
		D4378E212A1FD4D400742C28 /* EventsSystemExampleUITests */ = {
			isa = PBXNativeTarget;
			buildConfigurationList = D4378E322A1FD4D400742C28 /* Build configuration list for PBXNativeTarget "EventsSystemExampleUITests" */;
			buildPhases = (
				D4378E1E2A1FD4D400742C28 /* Sources */,
				D4378E1F2A1FD4D400742C28 /* Frameworks */,
				D4378E202A1FD4D400742C28 /* Resources */,
			);
			buildRules = (
			);
			dependencies = (
			);
			name = EventsSystemExampleUITests;
			productName = EventsSystemExampleUITests;
			productReference = D4378E222A1FD4D400742C28 /* EventsSystemExampleUITests.xctest */;
			productType = "com.apple.product-type.bundle.ui-testing";
		};
		D4378E362A1FD90200742C28 /* EventsSystemExample */ = {
			isa = PBXNativeTarget;
			buildConfigurationList = D4378E5E2A1FD90400742C28 /* Build configuration list for PBXNativeTarget "EventsSystemExample" */;
			buildPhases = (
				D4378E332A1FD90200742C28 /* Sources */,
				D4378E342A1FD90200742C28 /* Frameworks */,
				D4378E352A1FD90200742C28 /* Resources */,
				D46ACF5E2A370E9B00ABA023 /* Embed Frameworks */,
			);
			buildRules = (
			);
			dependencies = (
				D46ACF5D2A370E9B00ABA023 /* PBXTargetDependency */,
			);
			name = EventsSystemExample;
			productName = EventsSystemExample;
			productReference = D4378E372A1FD90200742C28 /* EventsSystemExample.app */;
			productType = "com.apple.product-type.application";
		};
		D4378E4B2A1FD90300742C28 /* EventsSystemExampleTests */ = {
			isa = PBXNativeTarget;
			buildConfigurationList = D4378E612A1FD90400742C28 /* Build configuration list for PBXNativeTarget "EventsSystemExampleTests" */;
			buildPhases = (
				D4378E482A1FD90300742C28 /* Sources */,
				D4378E492A1FD90300742C28 /* Frameworks */,
				D4378E4A2A1FD90300742C28 /* Resources */,
			);
			buildRules = (
			);
			dependencies = (
				D4378E4E2A1FD90300742C28 /* PBXTargetDependency */,
			);
			name = EventsSystemExampleTests;
			productName = EventsSystemExampleTests;
			productReference = D4378E4C2A1FD90300742C28 /* EventsSystemExampleTests.xctest */;
			productType = "com.apple.product-type.bundle.unit-test";
		};
		D4378E552A1FD90400742C28 /* EventsSystemExampleUITests */ = {
			isa = PBXNativeTarget;
			buildConfigurationList = D4378E642A1FD90400742C28 /* Build configuration list for PBXNativeTarget "EventsSystemExampleUITests" */;
			buildPhases = (
				D4378E522A1FD90400742C28 /* Sources */,
				D4378E532A1FD90400742C28 /* Frameworks */,
				D4378E542A1FD90400742C28 /* Resources */,
			);
			buildRules = (
			);
			dependencies = (
				D4378E582A1FD90400742C28 /* PBXTargetDependency */,
			);
			name = EventsSystemExampleUITests;
			productName = EventsSystemExampleUITests;
			productReference = D4378E562A1FD90400742C28 /* EventsSystemExampleUITests.xctest */;
			productType = "com.apple.product-type.bundle.ui-testing";
		};
		D48981642A1D280300BE9262 /* EventsSystem */ = {
			isa = PBXNativeTarget;
			buildConfigurationList = D48981792A1D280300BE9262 /* Build configuration list for PBXNativeTarget "EventsSystem" */;
			buildPhases = (
				D48981602A1D280300BE9262 /* Headers */,
				D48981612A1D280300BE9262 /* Sources */,
				D48981622A1D280300BE9262 /* Frameworks */,
				D48981632A1D280300BE9262 /* Resources */,
			);
			buildRules = (
			);
			dependencies = (
			);
			name = EventsSystem;
			productName = EventsSystem;
			productReference = D48981652A1D280300BE9262 /* EventsSystem.framework */;
			productType = "com.apple.product-type.framework";
		};
		D489816E2A1D280300BE9262 /* EventsSystemTests */ = {
			isa = PBXNativeTarget;
			buildConfigurationList = D489817C2A1D280300BE9262 /* Build configuration list for PBXNativeTarget "EventsSystemTests" */;
			buildPhases = (
				D489816B2A1D280300BE9262 /* Sources */,
				D489816C2A1D280300BE9262 /* Frameworks */,
				D489816D2A1D280300BE9262 /* Resources */,
			);
			buildRules = (
			);
			dependencies = (
				D48981722A1D280300BE9262 /* PBXTargetDependency */,
			);
			name = EventsSystemTests;
			productName = EventsSystemTests;
			productReference = D489816F2A1D280300BE9262 /* EventsSystemTests.xctest */;
			productType = "com.apple.product-type.bundle.unit-test";
		};
/* End PBXNativeTarget section */

/* Begin PBXProject section */
		D489815C2A1D280300BE9262 /* Project object */ = {
			isa = PBXProject;
			attributes = {
				BuildIndependentTargetsInParallel = 1;
				LastSwiftUpdateCheck = 1420;
				LastUpgradeCheck = 1420;
				TargetAttributes = {
					D4378E172A1FD4D300742C28 = {
						CreatedOnToolsVersion = 14.2;
						TestTargetID = D4378DFD2A1FD4D200742C28;
					};
					D4378E212A1FD4D400742C28 = {
						CreatedOnToolsVersion = 14.2;
						TestTargetID = D4378DFD2A1FD4D200742C28;
					};
					D4378E362A1FD90200742C28 = {
						CreatedOnToolsVersion = 14.2;
					};
					D4378E4B2A1FD90300742C28 = {
						CreatedOnToolsVersion = 14.2;
						TestTargetID = D4378E362A1FD90200742C28;
					};
					D4378E552A1FD90400742C28 = {
						CreatedOnToolsVersion = 14.2;
						TestTargetID = D4378E362A1FD90200742C28;
					};
					D48981642A1D280300BE9262 = {
						CreatedOnToolsVersion = 14.2;
						LastSwiftMigration = 1420;
					};
					D489816E2A1D280300BE9262 = {
						CreatedOnToolsVersion = 14.2;
					};
				};
			};
			buildConfigurationList = D489815F2A1D280300BE9262 /* Build configuration list for PBXProject "EventsSystem" */;
			compatibilityVersion = "Xcode 14.0";
			developmentRegion = en;
			hasScannedForEncodings = 0;
			knownRegions = (
				en,
				Base,
			);
			mainGroup = D489815B2A1D280300BE9262;
			productRefGroup = D48981662A1D280300BE9262 /* Products */;
			projectDirPath = "";
			projectRoot = "";
			targets = (
				D48981642A1D280300BE9262 /* EventsSystem */,
				D489816E2A1D280300BE9262 /* EventsSystemTests */,
				D4378E172A1FD4D300742C28 /* EventsSystemExampleTests */,
				D4378E212A1FD4D400742C28 /* EventsSystemExampleUITests */,
				D4378E362A1FD90200742C28 /* EventsSystemExample */,
				D4378E4B2A1FD90300742C28 /* EventsSystemExampleTests */,
				D4378E552A1FD90400742C28 /* EventsSystemExampleUITests */,
			);
		};
/* End PBXProject section */

/* Begin PBXResourcesBuildPhase section */
		D4378E162A1FD4D300742C28 /* Resources */ = {
			isa = PBXResourcesBuildPhase;
			buildActionMask = 2147483647;
			files = (
			);
			runOnlyForDeploymentPostprocessing = 0;
		};
		D4378E202A1FD4D400742C28 /* Resources */ = {
			isa = PBXResourcesBuildPhase;
			buildActionMask = 2147483647;
			files = (
			);
			runOnlyForDeploymentPostprocessing = 0;
		};
		D4378E352A1FD90200742C28 /* Resources */ = {
			isa = PBXResourcesBuildPhase;
			buildActionMask = 2147483647;
			files = (
				D4378E462A1FD90300742C28 /* LaunchScreen.storyboard in Resources */,
				D4378E432A1FD90300742C28 /* Assets.xcassets in Resources */,
				D4378E412A1FD90200742C28 /* Main.storyboard in Resources */,
			);
			runOnlyForDeploymentPostprocessing = 0;
		};
		D4378E4A2A1FD90300742C28 /* Resources */ = {
			isa = PBXResourcesBuildPhase;
			buildActionMask = 2147483647;
			files = (
			);
			runOnlyForDeploymentPostprocessing = 0;
		};
		D4378E542A1FD90400742C28 /* Resources */ = {
			isa = PBXResourcesBuildPhase;
			buildActionMask = 2147483647;
			files = (
			);
			runOnlyForDeploymentPostprocessing = 0;
		};
		D48981632A1D280300BE9262 /* Resources */ = {
			isa = PBXResourcesBuildPhase;
			buildActionMask = 2147483647;
			files = (
			);
			runOnlyForDeploymentPostprocessing = 0;
		};
		D489816D2A1D280300BE9262 /* Resources */ = {
			isa = PBXResourcesBuildPhase;
			buildActionMask = 2147483647;
			files = (
			);
			runOnlyForDeploymentPostprocessing = 0;
		};
/* End PBXResourcesBuildPhase section */

/* Begin PBXSourcesBuildPhase section */
		D4378E142A1FD4D300742C28 /* Sources */ = {
			isa = PBXSourcesBuildPhase;
			buildActionMask = 2147483647;
			files = (
			);
			runOnlyForDeploymentPostprocessing = 0;
		};
		D4378E1E2A1FD4D400742C28 /* Sources */ = {
			isa = PBXSourcesBuildPhase;
			buildActionMask = 2147483647;
			files = (
			);
			runOnlyForDeploymentPostprocessing = 0;
		};
		D4378E332A1FD90200742C28 /* Sources */ = {
			isa = PBXSourcesBuildPhase;
			buildActionMask = 2147483647;
			files = (
				D4378E3E2A1FD90200742C28 /* ViewController.swift in Sources */,
				D4378E3A2A1FD90200742C28 /* AppDelegate.swift in Sources */,
				D4378E3C2A1FD90200742C28 /* SceneDelegate.swift in Sources */,
			);
			runOnlyForDeploymentPostprocessing = 0;
		};
		D4378E482A1FD90300742C28 /* Sources */ = {
			isa = PBXSourcesBuildPhase;
			buildActionMask = 2147483647;
			files = (
				D4378E512A1FD90400742C28 /* EventsSystemExampleTests.swift in Sources */,
			);
			runOnlyForDeploymentPostprocessing = 0;
		};
		D4378E522A1FD90400742C28 /* Sources */ = {
			isa = PBXSourcesBuildPhase;
			buildActionMask = 2147483647;
			files = (
				D4378E5B2A1FD90400742C28 /* EventsSystemExampleUITests.swift in Sources */,
				D4378E5D2A1FD90400742C28 /* EventsSystemExampleUITestsLaunchTests.swift in Sources */,
			);
			runOnlyForDeploymentPostprocessing = 0;
		};
		D48981612A1D280300BE9262 /* Sources */ = {
			isa = PBXSourcesBuildPhase;
			buildActionMask = 2147483647;
			files = (
				D46ACF602A373DD100ABA023 /* Session.swift in Sources */,
				D48981942A1DE17000BE9262 /* EventsManager.swift in Sources */,
				D48981AC2A1E2F9A00BE9262 /* EventsCBridge.c in Sources */,
				D489816A2A1D280300BE9262 /* EventsSystem.docc in Sources */,
			);
			runOnlyForDeploymentPostprocessing = 0;
		};
		D489816B2A1D280300BE9262 /* Sources */ = {
			isa = PBXSourcesBuildPhase;
			buildActionMask = 2147483647;
			files = (
				D48981752A1D280300BE9262 /* EventsSystemTests.swift in Sources */,
			);
			runOnlyForDeploymentPostprocessing = 0;
		};
/* End PBXSourcesBuildPhase section */

/* Begin PBXTargetDependency section */
		D4378E4E2A1FD90300742C28 /* PBXTargetDependency */ = {
			isa = PBXTargetDependency;
			target = D4378E362A1FD90200742C28 /* EventsSystemExample */;
			targetProxy = D4378E4D2A1FD90300742C28 /* PBXContainerItemProxy */;
		};
		D4378E582A1FD90400742C28 /* PBXTargetDependency */ = {
			isa = PBXTargetDependency;
			target = D4378E362A1FD90200742C28 /* EventsSystemExample */;
			targetProxy = D4378E572A1FD90400742C28 /* PBXContainerItemProxy */;
		};
		D46ACF5D2A370E9B00ABA023 /* PBXTargetDependency */ = {
			isa = PBXTargetDependency;
			target = D48981642A1D280300BE9262 /* EventsSystem */;
			targetProxy = D46ACF5C2A370E9B00ABA023 /* PBXContainerItemProxy */;
		};
		D48981722A1D280300BE9262 /* PBXTargetDependency */ = {
			isa = PBXTargetDependency;
			target = D48981642A1D280300BE9262 /* EventsSystem */;
			targetProxy = D48981712A1D280300BE9262 /* PBXContainerItemProxy */;
		};
/* End PBXTargetDependency section */

/* Begin PBXVariantGroup section */
		D4378E3F2A1FD90200742C28 /* Main.storyboard */ = {
			isa = PBXVariantGroup;
			children = (
				D4378E402A1FD90200742C28 /* Base */,
			);
			name = Main.storyboard;
			sourceTree = "<group>";
		};
		D4378E442A1FD90300742C28 /* LaunchScreen.storyboard */ = {
			isa = PBXVariantGroup;
			children = (
				D4378E452A1FD90300742C28 /* Base */,
			);
			name = LaunchScreen.storyboard;
			sourceTree = "<group>";
		};
/* End PBXVariantGroup section */

/* Begin XCBuildConfiguration section */
		D4378E2C2A1FD4D400742C28 /* Debug */ = {
			isa = XCBuildConfiguration;
			buildSettings = {
				BUNDLE_LOADER = "$(TEST_HOST)";
				CODE_SIGN_STYLE = Automatic;
				CURRENT_PROJECT_VERSION = 1;
				DEVELOPMENT_TEAM = NZN2624CFJ;
				GENERATE_INFOPLIST_FILE = YES;
				IPHONEOS_DEPLOYMENT_TARGET = 16.2;
				MARKETING_VERSION = 1.0;
				PRODUCT_BUNDLE_IDENTIFIER = com.ankit.EventsSystemExampleTests;
				PRODUCT_NAME = "$(TARGET_NAME)";
				SWIFT_EMIT_LOC_STRINGS = NO;
				TARGETED_DEVICE_FAMILY = "1,2";
				TEST_HOST = "$(BUILT_PRODUCTS_DIR)/EventsSystemExample.app/$(BUNDLE_EXECUTABLE_FOLDER_PATH)/EventsSystemExample";
			};
			name = Debug;
		};
		D4378E2D2A1FD4D400742C28 /* Release */ = {
			isa = XCBuildConfiguration;
			buildSettings = {
				BUNDLE_LOADER = "$(TEST_HOST)";
				CODE_SIGN_STYLE = Automatic;
				CURRENT_PROJECT_VERSION = 1;
				DEVELOPMENT_TEAM = NZN2624CFJ;
				GENERATE_INFOPLIST_FILE = YES;
				IPHONEOS_DEPLOYMENT_TARGET = 16.2;
				MARKETING_VERSION = 1.0;
				PRODUCT_BUNDLE_IDENTIFIER = com.ankit.EventsSystemExampleTests;
				PRODUCT_NAME = "$(TARGET_NAME)";
				SWIFT_EMIT_LOC_STRINGS = NO;
				TARGETED_DEVICE_FAMILY = "1,2";
				TEST_HOST = "$(BUILT_PRODUCTS_DIR)/EventsSystemExample.app/$(BUNDLE_EXECUTABLE_FOLDER_PATH)/EventsSystemExample";
			};
			name = Release;
		};
		D4378E2E2A1FD4D400742C28 /* Debug */ = {
			isa = XCBuildConfiguration;
			buildSettings = {
				CODE_SIGN_STYLE = Automatic;
				CURRENT_PROJECT_VERSION = 1;
				DEVELOPMENT_TEAM = NZN2624CFJ;
				GENERATE_INFOPLIST_FILE = YES;
				MARKETING_VERSION = 1.0;
				PRODUCT_BUNDLE_IDENTIFIER = com.ankit.EventsSystemExampleUITests;
				PRODUCT_NAME = "$(TARGET_NAME)";
				SWIFT_EMIT_LOC_STRINGS = NO;
				TARGETED_DEVICE_FAMILY = "1,2";
				TEST_TARGET_NAME = EventsSystemExample;
			};
			name = Debug;
		};
		D4378E2F2A1FD4D400742C28 /* Release */ = {
			isa = XCBuildConfiguration;
			buildSettings = {
				CODE_SIGN_STYLE = Automatic;
				CURRENT_PROJECT_VERSION = 1;
				DEVELOPMENT_TEAM = NZN2624CFJ;
				GENERATE_INFOPLIST_FILE = YES;
				MARKETING_VERSION = 1.0;
				PRODUCT_BUNDLE_IDENTIFIER = com.ankit.EventsSystemExampleUITests;
				PRODUCT_NAME = "$(TARGET_NAME)";
				SWIFT_EMIT_LOC_STRINGS = NO;
				TARGETED_DEVICE_FAMILY = "1,2";
				TEST_TARGET_NAME = EventsSystemExample;
			};
			name = Release;
		};
		D4378E5F2A1FD90400742C28 /* Debug */ = {
			isa = XCBuildConfiguration;
			buildSettings = {
				ASSETCATALOG_COMPILER_APPICON_NAME = AppIcon;
				ASSETCATALOG_COMPILER_GLOBAL_ACCENT_COLOR_NAME = AccentColor;
				CLANG_ALLOW_NON_MODULAR_INCLUDES_IN_FRAMEWORK_MODULES = NO;
				CODE_SIGN_STYLE = Automatic;
				CURRENT_PROJECT_VERSION = 1;
				DEVELOPMENT_TEAM = NZN2624CFJ;
				GENERATE_INFOPLIST_FILE = YES;
				INFOPLIST_FILE = EventsSystemExample/Info.plist;
				INFOPLIST_KEY_UIApplicationSupportsIndirectInputEvents = YES;
				INFOPLIST_KEY_UILaunchStoryboardName = LaunchScreen;
				INFOPLIST_KEY_UIMainStoryboardFile = Main;
				INFOPLIST_KEY_UISupportedInterfaceOrientations_iPad = "UIInterfaceOrientationPortrait UIInterfaceOrientationPortraitUpsideDown UIInterfaceOrientationLandscapeLeft UIInterfaceOrientationLandscapeRight";
				INFOPLIST_KEY_UISupportedInterfaceOrientations_iPhone = "UIInterfaceOrientationPortrait UIInterfaceOrientationLandscapeLeft UIInterfaceOrientationLandscapeRight";
				LD_RUNPATH_SEARCH_PATHS = (
					"$(inherited)",
					"@executable_path/Frameworks",
				);
				MARKETING_VERSION = 1.0;
				PRODUCT_BUNDLE_IDENTIFIER = com.ankit.EventsSystemExample;
				PRODUCT_NAME = "$(TARGET_NAME)";
				SWIFT_EMIT_LOC_STRINGS = YES;
				SWIFT_VERSION = 5.0;
				TARGETED_DEVICE_FAMILY = "1,2";
			};
			name = Debug;
		};
		D4378E602A1FD90400742C28 /* Release */ = {
			isa = XCBuildConfiguration;
			buildSettings = {
				ASSETCATALOG_COMPILER_APPICON_NAME = AppIcon;
				ASSETCATALOG_COMPILER_GLOBAL_ACCENT_COLOR_NAME = AccentColor;
				CLANG_ALLOW_NON_MODULAR_INCLUDES_IN_FRAMEWORK_MODULES = NO;
				CODE_SIGN_STYLE = Automatic;
				CURRENT_PROJECT_VERSION = 1;
				DEVELOPMENT_TEAM = NZN2624CFJ;
				GENERATE_INFOPLIST_FILE = YES;
				INFOPLIST_FILE = EventsSystemExample/Info.plist;
				INFOPLIST_KEY_UIApplicationSupportsIndirectInputEvents = YES;
				INFOPLIST_KEY_UILaunchStoryboardName = LaunchScreen;
				INFOPLIST_KEY_UIMainStoryboardFile = Main;
				INFOPLIST_KEY_UISupportedInterfaceOrientations_iPad = "UIInterfaceOrientationPortrait UIInterfaceOrientationPortraitUpsideDown UIInterfaceOrientationLandscapeLeft UIInterfaceOrientationLandscapeRight";
				INFOPLIST_KEY_UISupportedInterfaceOrientations_iPhone = "UIInterfaceOrientationPortrait UIInterfaceOrientationLandscapeLeft UIInterfaceOrientationLandscapeRight";
				LD_RUNPATH_SEARCH_PATHS = (
					"$(inherited)",
					"@executable_path/Frameworks",
				);
				MARKETING_VERSION = 1.0;
				PRODUCT_BUNDLE_IDENTIFIER = com.ankit.EventsSystemExample;
				PRODUCT_NAME = "$(TARGET_NAME)";
				SWIFT_EMIT_LOC_STRINGS = YES;
				SWIFT_VERSION = 5.0;
				TARGETED_DEVICE_FAMILY = "1,2";
			};
			name = Release;
		};
		D4378E622A1FD90400742C28 /* Debug */ = {
			isa = XCBuildConfiguration;
			buildSettings = {
				ALWAYS_EMBED_SWIFT_STANDARD_LIBRARIES = YES;
				BUNDLE_LOADER = "$(TEST_HOST)";
				CODE_SIGN_STYLE = Automatic;
				CURRENT_PROJECT_VERSION = 1;
				DEVELOPMENT_TEAM = NZN2624CFJ;
				GENERATE_INFOPLIST_FILE = YES;
				IPHONEOS_DEPLOYMENT_TARGET = 16.2;
				MARKETING_VERSION = 1.0;
				PRODUCT_BUNDLE_IDENTIFIER = com.ankit.EventsSystemExampleTests;
				PRODUCT_NAME = "$(TARGET_NAME)";
				SWIFT_EMIT_LOC_STRINGS = NO;
				SWIFT_VERSION = 5.0;
				TARGETED_DEVICE_FAMILY = "1,2";
				TEST_HOST = "$(BUILT_PRODUCTS_DIR)/EventsSystemExample.app/$(BUNDLE_EXECUTABLE_FOLDER_PATH)/EventsSystemExample";
			};
			name = Debug;
		};
		D4378E632A1FD90400742C28 /* Release */ = {
			isa = XCBuildConfiguration;
			buildSettings = {
				ALWAYS_EMBED_SWIFT_STANDARD_LIBRARIES = YES;
				BUNDLE_LOADER = "$(TEST_HOST)";
				CODE_SIGN_STYLE = Automatic;
				CURRENT_PROJECT_VERSION = 1;
				DEVELOPMENT_TEAM = NZN2624CFJ;
				GENERATE_INFOPLIST_FILE = YES;
				IPHONEOS_DEPLOYMENT_TARGET = 16.2;
				MARKETING_VERSION = 1.0;
				PRODUCT_BUNDLE_IDENTIFIER = com.ankit.EventsSystemExampleTests;
				PRODUCT_NAME = "$(TARGET_NAME)";
				SWIFT_EMIT_LOC_STRINGS = NO;
				SWIFT_VERSION = 5.0;
				TARGETED_DEVICE_FAMILY = "1,2";
				TEST_HOST = "$(BUILT_PRODUCTS_DIR)/EventsSystemExample.app/$(BUNDLE_EXECUTABLE_FOLDER_PATH)/EventsSystemExample";
			};
			name = Release;
		};
		D4378E652A1FD90400742C28 /* Debug */ = {
			isa = XCBuildConfiguration;
			buildSettings = {
				ALWAYS_EMBED_SWIFT_STANDARD_LIBRARIES = YES;
				CODE_SIGN_STYLE = Automatic;
				CURRENT_PROJECT_VERSION = 1;
				DEVELOPMENT_TEAM = NZN2624CFJ;
				GENERATE_INFOPLIST_FILE = YES;
				MARKETING_VERSION = 1.0;
				PRODUCT_BUNDLE_IDENTIFIER = com.ankit.EventsSystemExampleUITests;
				PRODUCT_NAME = "$(TARGET_NAME)";
				SWIFT_EMIT_LOC_STRINGS = NO;
				SWIFT_VERSION = 5.0;
				TARGETED_DEVICE_FAMILY = "1,2";
				TEST_TARGET_NAME = EventsSystemExample;
			};
			name = Debug;
		};
		D4378E662A1FD90400742C28 /* Release */ = {
			isa = XCBuildConfiguration;
			buildSettings = {
				ALWAYS_EMBED_SWIFT_STANDARD_LIBRARIES = YES;
				CODE_SIGN_STYLE = Automatic;
				CURRENT_PROJECT_VERSION = 1;
				DEVELOPMENT_TEAM = NZN2624CFJ;
				GENERATE_INFOPLIST_FILE = YES;
				MARKETING_VERSION = 1.0;
				PRODUCT_BUNDLE_IDENTIFIER = com.ankit.EventsSystemExampleUITests;
				PRODUCT_NAME = "$(TARGET_NAME)";
				SWIFT_EMIT_LOC_STRINGS = NO;
				SWIFT_VERSION = 5.0;
				TARGETED_DEVICE_FAMILY = "1,2";
				TEST_TARGET_NAME = EventsSystemExample;
			};
			name = Release;
		};
		D48981772A1D280300BE9262 /* Debug */ = {
			isa = XCBuildConfiguration;
			buildSettings = {
				ALWAYS_SEARCH_USER_PATHS = NO;
				CLANG_ANALYZER_NONNULL = YES;
				CLANG_ANALYZER_NUMBER_OBJECT_CONVERSION = YES_AGGRESSIVE;
				CLANG_CXX_LANGUAGE_STANDARD = "gnu++20";
				CLANG_ENABLE_MODULES = YES;
				CLANG_ENABLE_OBJC_ARC = YES;
				CLANG_ENABLE_OBJC_WEAK = YES;
				CLANG_WARN_BLOCK_CAPTURE_AUTORELEASING = YES;
				CLANG_WARN_BOOL_CONVERSION = YES;
				CLANG_WARN_COMMA = YES;
				CLANG_WARN_CONSTANT_CONVERSION = YES;
				CLANG_WARN_DEPRECATED_OBJC_IMPLEMENTATIONS = YES;
				CLANG_WARN_DIRECT_OBJC_ISA_USAGE = YES_ERROR;
				CLANG_WARN_DOCUMENTATION_COMMENTS = YES;
				CLANG_WARN_EMPTY_BODY = YES;
				CLANG_WARN_ENUM_CONVERSION = YES;
				CLANG_WARN_INFINITE_RECURSION = YES;
				CLANG_WARN_INT_CONVERSION = YES;
				CLANG_WARN_NON_LITERAL_NULL_CONVERSION = YES;
				CLANG_WARN_OBJC_IMPLICIT_RETAIN_SELF = YES;
				CLANG_WARN_OBJC_LITERAL_CONVERSION = YES;
				CLANG_WARN_OBJC_ROOT_CLASS = YES_ERROR;
				CLANG_WARN_QUOTED_INCLUDE_IN_FRAMEWORK_HEADER = YES;
				CLANG_WARN_RANGE_LOOP_ANALYSIS = YES;
				CLANG_WARN_STRICT_PROTOTYPES = YES;
				CLANG_WARN_SUSPICIOUS_MOVE = YES;
				CLANG_WARN_UNGUARDED_AVAILABILITY = YES_AGGRESSIVE;
				CLANG_WARN_UNREACHABLE_CODE = YES;
				CLANG_WARN__DUPLICATE_METHOD_MATCH = YES;
				COPY_PHASE_STRIP = NO;
				CURRENT_PROJECT_VERSION = 1;
				DEBUG_INFORMATION_FORMAT = dwarf;
				ENABLE_STRICT_OBJC_MSGSEND = YES;
				ENABLE_TESTABILITY = YES;
				GCC_C_LANGUAGE_STANDARD = gnu11;
				GCC_DYNAMIC_NO_PIC = NO;
				GCC_NO_COMMON_BLOCKS = YES;
				GCC_OPTIMIZATION_LEVEL = 0;
				GCC_PREPROCESSOR_DEFINITIONS = (
					"DEBUG=1",
					"$(inherited)",
				);
				GCC_WARN_64_TO_32_BIT_CONVERSION = YES;
				GCC_WARN_ABOUT_RETURN_TYPE = YES_ERROR;
				GCC_WARN_UNDECLARED_SELECTOR = YES;
				GCC_WARN_UNINITIALIZED_AUTOS = YES_AGGRESSIVE;
				GCC_WARN_UNUSED_FUNCTION = YES;
				GCC_WARN_UNUSED_VARIABLE = YES;
				IPHONEOS_DEPLOYMENT_TARGET = 14.2;
				MTL_ENABLE_DEBUG_INFO = INCLUDE_SOURCE;
				MTL_FAST_MATH = YES;
				ONLY_ACTIVE_ARCH = YES;
				SDKROOT = iphoneos;
				SWIFT_ACTIVE_COMPILATION_CONDITIONS = DEBUG;
				SWIFT_OPTIMIZATION_LEVEL = "-Onone";
				VERSIONING_SYSTEM = "apple-generic";
				VERSION_INFO_PREFIX = "";
			};
			name = Debug;
		};
		D48981782A1D280300BE9262 /* Release */ = {
			isa = XCBuildConfiguration;
			buildSettings = {
				ALWAYS_SEARCH_USER_PATHS = NO;
				CLANG_ANALYZER_NONNULL = YES;
				CLANG_ANALYZER_NUMBER_OBJECT_CONVERSION = YES_AGGRESSIVE;
				CLANG_CXX_LANGUAGE_STANDARD = "gnu++20";
				CLANG_ENABLE_MODULES = YES;
				CLANG_ENABLE_OBJC_ARC = YES;
				CLANG_ENABLE_OBJC_WEAK = YES;
				CLANG_WARN_BLOCK_CAPTURE_AUTORELEASING = YES;
				CLANG_WARN_BOOL_CONVERSION = YES;
				CLANG_WARN_COMMA = YES;
				CLANG_WARN_CONSTANT_CONVERSION = YES;
				CLANG_WARN_DEPRECATED_OBJC_IMPLEMENTATIONS = YES;
				CLANG_WARN_DIRECT_OBJC_ISA_USAGE = YES_ERROR;
				CLANG_WARN_DOCUMENTATION_COMMENTS = YES;
				CLANG_WARN_EMPTY_BODY = YES;
				CLANG_WARN_ENUM_CONVERSION = YES;
				CLANG_WARN_INFINITE_RECURSION = YES;
				CLANG_WARN_INT_CONVERSION = YES;
				CLANG_WARN_NON_LITERAL_NULL_CONVERSION = YES;
				CLANG_WARN_OBJC_IMPLICIT_RETAIN_SELF = YES;
				CLANG_WARN_OBJC_LITERAL_CONVERSION = YES;
				CLANG_WARN_OBJC_ROOT_CLASS = YES_ERROR;
				CLANG_WARN_QUOTED_INCLUDE_IN_FRAMEWORK_HEADER = YES;
				CLANG_WARN_RANGE_LOOP_ANALYSIS = YES;
				CLANG_WARN_STRICT_PROTOTYPES = YES;
				CLANG_WARN_SUSPICIOUS_MOVE = YES;
				CLANG_WARN_UNGUARDED_AVAILABILITY = YES_AGGRESSIVE;
				CLANG_WARN_UNREACHABLE_CODE = YES;
				CLANG_WARN__DUPLICATE_METHOD_MATCH = YES;
				COPY_PHASE_STRIP = NO;
				CURRENT_PROJECT_VERSION = 1;
				DEBUG_INFORMATION_FORMAT = "dwarf-with-dsym";
				ENABLE_NS_ASSERTIONS = NO;
				ENABLE_STRICT_OBJC_MSGSEND = YES;
				GCC_C_LANGUAGE_STANDARD = gnu11;
				GCC_NO_COMMON_BLOCKS = YES;
				GCC_WARN_64_TO_32_BIT_CONVERSION = YES;
				GCC_WARN_ABOUT_RETURN_TYPE = YES_ERROR;
				GCC_WARN_UNDECLARED_SELECTOR = YES;
				GCC_WARN_UNINITIALIZED_AUTOS = YES_AGGRESSIVE;
				GCC_WARN_UNUSED_FUNCTION = YES;
				GCC_WARN_UNUSED_VARIABLE = YES;
				IPHONEOS_DEPLOYMENT_TARGET = 14.2;
				MTL_ENABLE_DEBUG_INFO = NO;
				MTL_FAST_MATH = YES;
				SDKROOT = iphoneos;
				SWIFT_COMPILATION_MODE = wholemodule;
				SWIFT_OPTIMIZATION_LEVEL = "-O";
				VALIDATE_PRODUCT = YES;
				VERSIONING_SYSTEM = "apple-generic";
				VERSION_INFO_PREFIX = "";
			};
			name = Release;
		};
		D489817A2A1D280300BE9262 /* Debug */ = {
			isa = XCBuildConfiguration;
			buildSettings = {
				CLANG_ALLOW_NON_MODULAR_INCLUDES_IN_FRAMEWORK_MODULES = NO;
				CLANG_ENABLE_MODULES = YES;
				CODE_SIGN_STYLE = Automatic;
				CURRENT_PROJECT_VERSION = 1;
				DEFINES_MODULE = YES;
				DEVELOPMENT_TEAM = NZN2624CFJ;
				DYLIB_COMPATIBILITY_VERSION = 1;
				DYLIB_CURRENT_VERSION = 1;
				DYLIB_INSTALL_NAME_BASE = "@rpath";
				GENERATE_INFOPLIST_FILE = YES;
				INFOPLIST_KEY_NSHumanReadableCopyright = "";
				INSTALL_PATH = "$(LOCAL_LIBRARY_DIR)/Frameworks";
				IPHONEOS_DEPLOYMENT_TARGET = 14.0;
				LD_RUNPATH_SEARCH_PATHS = (
					"$(inherited)",
					"@executable_path/Frameworks",
					"@loader_path/Frameworks",
				);
				MARKETING_VERSION = 1.0;
				PRODUCT_BUNDLE_IDENTIFIER = com.ankit.EventsSystem;
				PRODUCT_NAME = "$(TARGET_NAME:c99extidentifier)";
				SKIP_INSTALL = YES;
				SWIFT_EMIT_LOC_STRINGS = YES;
				SWIFT_OBJC_BRIDGING_HEADER = "";
				SWIFT_OPTIMIZATION_LEVEL = "-Onone";
				SWIFT_VERSION = 5.0;
				TARGETED_DEVICE_FAMILY = "1,2";
			};
			name = Debug;
		};
		D489817B2A1D280300BE9262 /* Release */ = {
			isa = XCBuildConfiguration;
			buildSettings = {
				CLANG_ALLOW_NON_MODULAR_INCLUDES_IN_FRAMEWORK_MODULES = NO;
				CLANG_ENABLE_MODULES = YES;
				CODE_SIGN_STYLE = Automatic;
				CURRENT_PROJECT_VERSION = 1;
				DEFINES_MODULE = YES;
				DEVELOPMENT_TEAM = NZN2624CFJ;
				DYLIB_COMPATIBILITY_VERSION = 1;
				DYLIB_CURRENT_VERSION = 1;
				DYLIB_INSTALL_NAME_BASE = "@rpath";
				GENERATE_INFOPLIST_FILE = YES;
				INFOPLIST_KEY_NSHumanReadableCopyright = "";
				INSTALL_PATH = "$(LOCAL_LIBRARY_DIR)/Frameworks";
				IPHONEOS_DEPLOYMENT_TARGET = 14.0;
				LD_RUNPATH_SEARCH_PATHS = (
					"$(inherited)",
					"@executable_path/Frameworks",
					"@loader_path/Frameworks",
				);
				MARKETING_VERSION = 1.0;
				PRODUCT_BUNDLE_IDENTIFIER = com.ankit.EventsSystem;
				PRODUCT_NAME = "$(TARGET_NAME:c99extidentifier)";
				SKIP_INSTALL = YES;
				SWIFT_EMIT_LOC_STRINGS = YES;
				SWIFT_OBJC_BRIDGING_HEADER = "";
				SWIFT_VERSION = 5.0;
				TARGETED_DEVICE_FAMILY = "1,2";
			};
			name = Release;
		};
		D489817D2A1D280300BE9262 /* Debug */ = {
			isa = XCBuildConfiguration;
			buildSettings = {
				ALWAYS_EMBED_SWIFT_STANDARD_LIBRARIES = YES;
				CODE_SIGN_STYLE = Automatic;
				CURRENT_PROJECT_VERSION = 1;
				DEVELOPMENT_TEAM = NZN2624CFJ;
				GENERATE_INFOPLIST_FILE = YES;
				MARKETING_VERSION = 1.0;
				PRODUCT_BUNDLE_IDENTIFIER = com.ankit.EventsSystemTests;
				PRODUCT_NAME = "$(TARGET_NAME)";
				SWIFT_EMIT_LOC_STRINGS = NO;
				SWIFT_VERSION = 5.0;
				TARGETED_DEVICE_FAMILY = "1,2";
			};
			name = Debug;
		};
		D489817E2A1D280300BE9262 /* Release */ = {
			isa = XCBuildConfiguration;
			buildSettings = {
				ALWAYS_EMBED_SWIFT_STANDARD_LIBRARIES = YES;
				CODE_SIGN_STYLE = Automatic;
				CURRENT_PROJECT_VERSION = 1;
				DEVELOPMENT_TEAM = NZN2624CFJ;
				GENERATE_INFOPLIST_FILE = YES;
				MARKETING_VERSION = 1.0;
				PRODUCT_BUNDLE_IDENTIFIER = com.ankit.EventsSystemTests;
				PRODUCT_NAME = "$(TARGET_NAME)";
				SWIFT_EMIT_LOC_STRINGS = NO;
				SWIFT_VERSION = 5.0;
				TARGETED_DEVICE_FAMILY = "1,2";
			};
			name = Release;
		};
/* End XCBuildConfiguration section */

/* Begin XCConfigurationList section */
		D4378E312A1FD4D400742C28 /* Build configuration list for PBXNativeTarget "EventsSystemExampleTests" */ = {
			isa = XCConfigurationList;
			buildConfigurations = (
				D4378E2C2A1FD4D400742C28 /* Debug */,
				D4378E2D2A1FD4D400742C28 /* Release */,
			);
			defaultConfigurationIsVisible = 0;
			defaultConfigurationName = Release;
		};
		D4378E322A1FD4D400742C28 /* Build configuration list for PBXNativeTarget "EventsSystemExampleUITests" */ = {
			isa = XCConfigurationList;
			buildConfigurations = (
				D4378E2E2A1FD4D400742C28 /* Debug */,
				D4378E2F2A1FD4D400742C28 /* Release */,
			);
			defaultConfigurationIsVisible = 0;
			defaultConfigurationName = Release;
		};
		D4378E5E2A1FD90400742C28 /* Build configuration list for PBXNativeTarget "EventsSystemExample" */ = {
			isa = XCConfigurationList;
			buildConfigurations = (
				D4378E5F2A1FD90400742C28 /* Debug */,
				D4378E602A1FD90400742C28 /* Release */,
			);
			defaultConfigurationIsVisible = 0;
			defaultConfigurationName = Release;
		};
		D4378E612A1FD90400742C28 /* Build configuration list for PBXNativeTarget "EventsSystemExampleTests" */ = {
			isa = XCConfigurationList;
			buildConfigurations = (
				D4378E622A1FD90400742C28 /* Debug */,
				D4378E632A1FD90400742C28 /* Release */,
			);
			defaultConfigurationIsVisible = 0;
			defaultConfigurationName = Release;
		};
		D4378E642A1FD90400742C28 /* Build configuration list for PBXNativeTarget "EventsSystemExampleUITests" */ = {
			isa = XCConfigurationList;
			buildConfigurations = (
				D4378E652A1FD90400742C28 /* Debug */,
				D4378E662A1FD90400742C28 /* Release */,
			);
			defaultConfigurationIsVisible = 0;
			defaultConfigurationName = Release;
		};
		D489815F2A1D280300BE9262 /* Build configuration list for PBXProject "EventsSystem" */ = {
			isa = XCConfigurationList;
			buildConfigurations = (
				D48981772A1D280300BE9262 /* Debug */,
				D48981782A1D280300BE9262 /* Release */,
			);
			defaultConfigurationIsVisible = 0;
			defaultConfigurationName = Release;
		};
		D48981792A1D280300BE9262 /* Build configuration list for PBXNativeTarget "EventsSystem" */ = {
			isa = XCConfigurationList;
			buildConfigurations = (
				D489817A2A1D280300BE9262 /* Debug */,
				D489817B2A1D280300BE9262 /* Release */,
			);
			defaultConfigurationIsVisible = 0;
			defaultConfigurationName = Release;
		};
		D489817C2A1D280300BE9262 /* Build configuration list for PBXNativeTarget "EventsSystemTests" */ = {
			isa = XCConfigurationList;
			buildConfigurations = (
				D489817D2A1D280300BE9262 /* Debug */,
				D489817E2A1D280300BE9262 /* Release */,
			);
			defaultConfigurationIsVisible = 0;
			defaultConfigurationName = Release;
		};
/* End XCConfigurationList section */
	};
	rootObject = D489815C2A1D280300BE9262 /* Project object */;
}
